{
    "_readme": [
        "This file locks the dependencies of your project to a known state",
        "Read more about it at https://getcomposer.org/doc/01-basic-usage.md#installing-dependencies",
        "This file is @generated automatically"
    ],
    "content-hash": "442d3f5e4b219d9fba12410a500fd9bb",
    "packages": [
        {
            "name": "fastvolt/markdown",
            "version": "v0.3.0.x-dev",
            "source": {
                "type": "git",
                "url": "https://github.com/fastvolt/markdown.git",
                "reference": "1056e1bbbba7a7b908aa777eebe4b7569192bebf"
            },
            "dist": {
                "type": "zip",
                "url": "https://api.github.com/repos/fastvolt/markdown/zipball/1056e1bbbba7a7b908aa777eebe4b7569192bebf",
                "reference": "1056e1bbbba7a7b908aa777eebe4b7569192bebf",
                "shasum": ""
            },
            "require": {
                "ext-dom": "*",
                "ext-json": "*",
                "ext-libxml": "*",
                "ext-mbstring": "*",
                "ext-tokenizer": "*",
                "ext-xml": "*",
                "ext-xmlwriter": "*",
                "php": "^8.1"
            },
            "require-dev": {
                "friendsofphp/php-cs-fixer": "^3.38",
                "phpunit/phpunit": "^10.4"
            },
            "default-branch": true,
            "type": "library",
            "autoload": {
                "psr-4": {
                    "FastVolt\\Helper\\": "src/",
                    "FastVolt\\Helper\\Markdown\\": "src/Markdown/"
                }
            },
            "notification-url": "https://packagist.org/downloads/",
            "license": [
                "MIT"
            ],
            "authors": [
                {
                    "name": "Oladoyinbo Vincent",
                    "email": "oladoyinboadverts@gmail.com"
                }
            ],
            "description": "A Fast, Simple and Straight-forward Markdown to HTML Converter for PHP.",
            "keywords": [
                "markdown",
                "markdown-library",
                "markdown-parser",
                "markdown-to-html"
            ],
            "support": {
                "issues": "https://github.com/fastvolt/markdown/issues",
                "source": "https://github.com/fastvolt/markdown/tree/v0.3.0"
            },
            "time": "2025-12-10T04:46:18+00:00"
        },
        {
            "name": "losthost/background-process",
            "version": "1.1.14",
            "source": {
                "type": "git",
                "url": "https://github.com/Datahider/BackgroundProcess.git",
                "reference": "21c93299bb61cca56acd97af4371a1a7a7102255"
            },
            "dist": {
                "type": "zip",
                "url": "https://api.github.com/repos/Datahider/BackgroundProcess/zipball/21c93299bb61cca56acd97af4371a1a7a7102255",
                "reference": "21c93299bb61cca56acd97af4371a1a7a7102255",
                "shasum": ""
            },
            "require-dev": {
                "phpunit/phpunit": "11.5.44"
            },
            "type": "library",
            "autoload": {
                "psr-4": {
                    "losthost\\BackgroundProcess\\": "src/"
                }
            },
            "notification-url": "https://packagist.org/downloads/",
            "license": [
                "MIT"
            ],
            "authors": [
                {
                    "name": "drweb",
                    "email": "pio@pio.su"
                }
            ],
            "description": "Lightweight and secure PHP library for running code in background processes",
            "support": {
                "issues": "https://github.com/Datahider/BackgroundProcess/issues",
                "source": "https://github.com/Datahider/BackgroundProcess/tree/1.1.14"
            },
            "time": "2025-12-11T20:34:37+00:00"
        },
        {
            "name": "max-api-php/client",
            "version": "dev-main",
            "source": {
                "type": "git",
                "url": "https://github.com/Datahider/Max-API-PHP.git",
                "reference": "37b8f9be56643690b231eefffeb1b6b055039b63"
            },
            "dist": {
                "type": "zip",
                "url": "https://api.github.com/repos/Datahider/Max-API-PHP/zipball/37b8f9be56643690b231eefffeb1b6b055039b63",
                "reference": "37b8f9be56643690b231eefffeb1b6b055039b63",
                "shasum": ""
            },
            "require": {
                "php": "^8.2"
            },
            "suggest": {
                "ext-json": "Required to encode requests and decode API responses."
            },
            "default-branch": true,
            "type": "library",
            "autoload": {
                "psr-4": {
                    "MaxApi\\": "src/"
                }
            },
            "notification-url": "https://packagist.org/downloads/",
            "license": [
                "MIT"
            ],
            "description": "PHP SDK for the MAX Bot API.",
            "homepage": "https://github.com/max-api-php/client",
            "keywords": [
                "Messenger",
                "api",
                "bot",
                "max",
                "php"
            ],
            "support": {
                "issues": "https://github.com/max-api-php/client/issues",
                "source": "https://github.com/max-api-php/client"
            },
            "time": "2026-04-14T13:48:48+00:00"
        }
    ],
    "packages-dev": [],
    "aliases": [],
    "minimum-stability": "stable",
    "stability-flags": {
        "fastvolt/markdown": 20,
        "max-api-php/client": 20
    },
    "prefer-stable": false,
    "prefer-lowest": false,
    "platform": [],
    "platform-dev": [],
    "plugin-api-version": "2.6.0"
}
